// !$*UTF8*$!
{
	archiveVersion = 1;
	classes = {
	};
	objectVersion = 56;
	objects = {

/* Begin PBXBuildFile section */
		3A0000000000000000000000 /* AppDelegate.swift in Sources */ = {isa = PBXBuildFile; fileRef = 2A0000000000000000000000 /* AppDelegate.swift */; };
		3A0000000000000000000001 /* CameraStreamer.swift in Sources */ = {isa = PBXBuildFile; fileRef = 2A0000000000000000000001 /* CameraStreamer.swift */; };
		3A0000000000000000000002 /* StreamSender.swift in Sources */ = {isa = PBXBuildFile; fileRef = 2A0000000000000000000002 /* StreamSender.swift */; };
		3A0000000000000000000003 /* StreamHeader.swift in Sources */ = {isa = PBXBuildFile; fileRef = 2A0000000000000000000003 /* StreamHeader.swift */; };
/* End PBXBuildFile section */

/* Begin PBXFileReference section */
		2A0000000000000000000000 /* AppDelegate.swift */ = {isa = PBXFileReference; lastKnownFileType = sourcecode.swift; path = AppDelegate.swift; sourceTree = "<group>"; };
		2A0000000000000000000001 /* CameraStreamer.swift */ = {isa = PBXFileReference; lastKnownFileType = sourcecode.swift; path = CameraStreamer.swift; sourceTree = "<group>"; };
		2A0000000000000000000002 /* StreamSender.swift */ = {isa = PBXFileReference; lastKnownFileType = sourcecode.swift; path = StreamSender.swift; sourceTree = "<group>"; };
		2A0000000000000000000003 /* StreamHeader.swift */ = {isa = PBXFileReference; lastKnownFileType = sourcecode.swift; name = StreamHeader.swift; path = ../shared/StreamHeader.swift; sourceTree = "<group>"; };
		2A0000000000000000000004 /* Info.plist */ = {isa = PBXFileReference; lastKnownFileType = text.plist.xml; path = Info.plist; sourceTree = "<group>"; };
		2A0000000000000000000005 /* iPhoneCameraStream.app */ = {isa = PBXFileReference; explicitFileType = wrapper.application; includeInIndex = 0; path = iPhoneCameraStream.app; sourceTree = BUILT_PRODUCTS_DIR; };
/* End PBXFileReference section */

/* Begin PBXFrameworksBuildPhase section */
		6A0000000000000000000001 /* Frameworks */ = {
			isa = PBXFrameworksBuildPhase;
			buildActionMask = 2147483647;
			files = (
			);
			runOnlyForDeploymentPostprocessing = 0;
		};
/* End PBXFrameworksBuildPhase section */

/* Begin PBXGroup section */
		1A0000000000000000000001 /* iPhoneCameraStream */ = {
			isa = PBXGroup;
			children = (
				2A0000000000000000000000 /* AppDelegate.swift */,
				2A0000000000000000000001 /* CameraStreamer.swift */,
				2A0000000000000000000002 /* StreamSender.swift */,
				2A0000000000000000000003 /* StreamHeader.swift */,
				2A0000000000000000000004 /* Info.plist */,
			);
			name = iPhoneCameraStream;
			sourceTree = "<group>";
		};
		1A0000000000000000000002 /* Products */ = {
			isa = PBXGroup;
			children = (
				2A0000000000000000000005 /* iPhoneCameraStream.app */,
			);
			name = Products;
			sourceTree = "<group>";
		};
		1A0000000000000000000000 = {
			isa = PBXGroup;
			children = (
				1A0000000000000000000001 /* iPhoneCameraStream */,
				1A0000000000000000000002 /* Products */,
			);
			sourceTree = "<group>";
		};
/* End PBXGroup section */

/* Begin PBXNativeTarget section */
		4A0000000000000000000000 /* iPhoneCameraStream */ = {
			isa = PBXNativeTarget;
			buildConfigurationList = 5A0000000000000000000000 /* Build configuration list for PBXNativeTarget "iPhoneCameraStream" */;
			buildPhases = (
				6A0000000000000000000000 /* Sources */,
				6A0000000000000000000001 /* Frameworks */,
				6A0000000000000000000002 /* Resources */,
			);
			buildRules = (
			);
			dependencies = (
			);
			name = iPhoneCameraStream;
			productName = iPhoneCameraStream;
			productReference = 2A0000000000000000000005 /* iPhoneCameraStream.app */;
			productType = "com.apple.product-type.application";
		};
/* End PBXNativeTarget section */

/* Begin PBXProject section */
		1B0000000000000000000000 /* Project object */ = {
			isa = PBXProject;
			attributes = {
				BuildIndependentTargetsInParallel = 1;
				LastSwiftUpdateCheck = 1500;
				LastUpgradeCheck = 1500;
				TargetAttributes = {
					4A0000000000000000000000 = {
						CreatedOnToolsVersion = 15.0;
					};
				};
			};
			buildConfigurationList = 5A0000000000000000000001 /* Build configuration list for PBXProject "iPhoneCameraStream" */;
			compatibilityVersion = "Xcode 14.0";
			developmentRegion = en;
			hasScannedForEncodings = 0;
			knownRegions = (
				en,
				Base,
			);
			mainGroup = 1A0000000000000000000000;
			productRefGroup = 1A0000000000000000000002 /* Products */;
			projectDirPath = "";
			projectRoot = "";
			targets = (
				4A0000000000000000000000 /* iPhoneCameraStream */,
			);
		};
/* End PBXProject section */

/* Begin PBXResourcesBuildPhase section */
		6A0000000000000000000002 /* Resources */ = {
			isa = PBXResourcesBuildPhase;
			buildActionMask = 2147483647;
			files = (
			);
			runOnlyForDeploymentPostprocessing = 0;
		};
/* End PBXResourcesBuildPhase section */

/* Begin PBXSourcesBuildPhase section */
		6A0000000000000000000000 /* Sources */ = {
			isa = PBXSourcesBuildPhase;
			buildActionMask = 2147483647;
			files = (
				3A0000000000000000000000 /* AppDelegate.swift in Sources */,
				3A0000000000000000000001 /* CameraStreamer.swift in Sources */,
				3A0000000000000000000002 /* StreamSender.swift in Sources */,
				3A0000000000000000000003 /* StreamHeader.swift in Sources */,
			);
			runOnlyForDeploymentPostprocessing = 0;
		};
/* End PBXSourcesBuildPhase section */

/* Begin XCBuildConfiguration section */
		7A0000000000000000000000 /* Debug */ = {
			isa = XCBuildConfiguration;
			buildSettings = {
				ALWAYS_SEARCH_USER_PATHS = NO;
				CLANG_ANALYZER_NONNULL = YES;
				CLANG_ENABLE_MODULES = YES;
				CLANG_ENABLE_OBJC_ARC = YES;
				COPY_PHASE_STRIP = NO;
				DEBUG_INFORMATION_FORMAT = dwarf;
				ENABLE_STRICT_OBJC_EXCEPTIONS = YES;
				GCC_C_LANGUAGE_STANDARD = "gnu11";
				GCC_DYNAMIC_NO_PIC = NO;
				GCC_OPTIMIZATION_LEVEL = 0;
				GCC_PREPROCESSOR_DEFINITIONS = (
					"DEBUG=1",
					"$(inherited)",
				);
				MTL_ENABLE_DEBUG_INFO = INCLUDE_SOURCE;
				ONLY_ACTIVE_ARCH = YES;
				SDKROOT = iphoneos;
				SWIFT_ACTIVE_COMPILATION_CONDITIONS = DEBUG;
				SWIFT_OPTIMIZATION_LEVEL = "-Onone";
			};
			name = Debug;
		};
		7A0000000000000000000001 /* Release */ = {
			isa = XCBuildConfiguration;
			buildSettings = {
				ALWAYS_SEARCH_USER_PATHS = NO;
				CLANG_ANALYZER_NONNULL = YES;
				CLANG_ENABLE_MODULES = YES;
				CLANG_ENABLE_OBJC_ARC = YES;
				COPY_PHASE_STRIP = NO;
				DEBUG_INFORMATION_FORMAT = "dwarf-with-dsym";
				ENABLE_NS_ASSERTIONS = NO;
				GCC_C_LANGUAGE_STANDARD = "gnu11";
				MTL_ENABLE_DEBUG_INFO = NO;
				SDKROOT = iphoneos;
				SWIFT_COMPILATION_MODE = wholemodule;
				SWIFT_OPTIMIZATION_LEVEL = "-O";
			};
			name = Release;
		};
		7A0000000000000000000002 /* Debug */ = {
			isa = XCBuildConfiguration;
			buildSettings = {
				ASSETCATALOG_COMPILER_GENERATE_ASSET_SYMBOLS = YES;
				CODE_SIGN_STYLE = Automatic;
				CURRENT_PROJECT_VERSION = 1;
				DEVELOPMENT_TEAM = "";
				ENABLE_BITCODE = NO;
				GENERATE_INFOPLIST_FILE = NO;
				INFOPLIST_FILE = Info.plist;
				IPHONEOS_DEPLOYMENT_TARGET = 17.0;
				LD_RUNPATH_SEARCH_PATHS = (
					"$(inherited)",
					"@executable_path/Frameworks",
				);
				MARKETING_VERSION = 0.1;
				PRODUCT_BUNDLE_IDENTIFIER = com.example.iphonecamerastream;
				PRODUCT_NAME = "$(TARGET_NAME)";
				SWIFT_EMIT_LOC_STRINGS = YES;
				SWIFT_VERSION = 5.0;
				TARGETED_DEVICE_FAMILY = "1,2";
			};
			name = Debug;
		};
		7A0000000000000000000003 /* Release */ = {
			isa = XCBuildConfiguration;
			buildSettings = {
				ASSETCATALOG_COMPILER_GENERATE_ASSET_SYMBOLS = YES;
				CODE_SIGN_STYLE = Automatic;
				CURRENT_PROJECT_VERSION = 1;
				DEVELOPMENT_TEAM = "";
				ENABLE_BITCODE = NO;
				GENERATE_INFOPLIST_FILE = NO;
				INFOPLIST_FILE = Info.plist;
				IPHONEOS_DEPLOYMENT_TARGET = 17.0;
				LD_RUNPATH_SEARCH_PATHS = (
					"$(inherited)",
					"@executable_path/Frameworks",
				);
				MARKETING_VERSION = 0.1;
				PRODUCT_BUNDLE_IDENTIFIER = com.example.iphonecamerastream;
				PRODUCT_NAME = "$(TARGET_NAME)";
				SWIFT_EMIT_LOC_STRINGS = YES;
				SWIFT_VERSION = 5.0;
				TARGETED_DEVICE_FAMILY = "1,2";
			};
			name = Release;
		};
/* End XCBuildConfiguration section */

/* Begin XCConfigurationList section */
		5A0000000000000000000000 /* Build configuration list for PBXNativeTarget "iPhoneCameraStream" */ = {
			isa = XCConfigurationList;
			buildConfigurations = (
				7A0000000000000000000002 /* Debug */,
				7A0000000000000000000003 /* Release */,
			);
			defaultConfigurationIsVisible = 0;
			defaultConfigurationName = Release;
		};
		5A0000000000000000000001 /* Build configuration list for PBXProject "iPhoneCameraStream" */ = {
			isa = XCConfigurationList;
			buildConfigurations = (
				7A0000000000000000000000 /* Debug */,
				7A0000000000000000000001 /* Release */,
			);
			defaultConfigurationIsVisible = 0;
			defaultConfigurationName = Release;
		};
/* End XCConfigurationList section */
	};
	rootObject = 1B0000000000000000000000 /* Project object */;
}
